
Microsoft Visual Studio Solution File, Format Version 12.00
# Visual Studio 2013
VisualStudioVersion = 12.0.31101.0
MinimumVisualStudioVersion = 10.0.40219.1
Project("{FAE04EC0-301F-11D3-BF4B-00C04F79EFBC}") = "OAuthLoginExercise", "OAuthLoginExercise\OAuthLoginExercise.csproj", "{3D916CE6-BB34-485E-898A-C6B7211CBA3A}"
EndProject
Project("{FAE04EC0-301F-11D3-BF4B-00C04F79EFBC}") = "Models", "Models\Models.csproj", "{462DB45C-800F-4B81-9C6D-3FD3EDD8AA51}"
EndProject
Project("{FAE04EC0-301F-11D3-BF4B-00C04F79EFBC}") = "RecordsDB", "RecordsDB\RecordsDB.csproj", "{61523BD1-7CFD-481C-9F35-21BA0AA08555}"
EndProject
Project("{FAE04EC0-301F-11D3-BF4B-00C04F79EFBC}") = "Repositories", "Repositories\Repositories.csproj", "{B9D1A1A2-400B-49C1-8DDC-796E7A35C708}"
EndProject
Global
	GlobalSection(SolutionConfigurationPlatforms) = preSolution
		Debug|Any CPU = Debug|Any CPU
		Release|Any CPU = Release|Any CPU
	EndGlobalSection
	GlobalSection(ProjectConfigurationPlatforms) = postSolution
		{3D916CE6-BB34-485E-898A-C6B7211CBA3A}.Debug|Any CPU.ActiveCfg = Debug|Any CPU
		{3D916CE6-BB34-485E-898A-C6B7211CBA3A}.Debug|Any CPU.Build.0 = Debug|Any CPU
		{3D916CE6-BB34-485E-898A-C6B7211CBA3A}.Release|Any CPU.ActiveCfg = Release|Any CPU
		{3D916CE6-BB34-485E-898A-C6B7211CBA3A}.Release|Any CPU.Build.0 = Release|Any CPU
		{462DB45C-800F-4B81-9C6D-3FD3EDD8AA51}.Debug|Any CPU.ActiveCfg = Debug|Any CPU
		{462DB45C-800F-4B81-9C6D-3FD3EDD8AA51}.Debug|Any CPU.Build.0 = Debug|Any CPU
		{462DB45C-800F-4B81-9C6D-3FD3EDD8AA51}.Release|Any CPU.ActiveCfg = Release|Any CPU
		{462DB45C-800F-4B81-9C6D-3FD3EDD8AA51}.Release|Any CPU.Build.0 = Release|Any CPU
		{61523BD1-7CFD-481C-9F35-21BA0AA08555}.Debug|Any CPU.ActiveCfg = Debug|Any CPU
		{61523BD1-7CFD-481C-9F35-21BA0AA08555}.Debug|Any CPU.Build.0 = Debug|Any CPU
		{61523BD1-7CFD-481C-9F35-21BA0AA08555}.Release|Any CPU.ActiveCfg = Release|Any CPU
		{61523BD1-7CFD-481C-9F35-21BA0AA08555}.Release|Any CPU.Build.0 = Release|Any CPU
		{B9D1A1A2-400B-49C1-8DDC-796E7A35C708}.Debug|Any CPU.ActiveCfg = Debug|Any CPU
		{B9D1A1A2-400B-49C1-8DDC-796E7A35C708}.Debug|Any CPU.Build.0 = Debug|Any CPU
		{B9D1A1A2-400B-49C1-8DDC-796E7A35C708}.Release|Any CPU.ActiveCfg = Release|Any CPU
		{B9D1A1A2-400B-49C1-8DDC-796E7A35C708}.Release|Any CPU.Build.0 = Release|Any CPU
	EndGlobalSection
	GlobalSection(SolutionProperties) = preSolution
		HideSolutionNode = FALSE
	EndGlobalSection
EndGlobal
